
Microsoft Visual Studio Solution File, Format Version 12.00
Project("{FAE04EC0-301F-11D3-BF4B-00C04F79EFBC}") = "EasyTcp3", "EasyTcp3\EasyTcp3.csproj", "{F7B49F48-E3AA-4714-A6ED-56E099929290}"
EndProject
Project("{FAE04EC0-301F-11D3-BF4B-00C04F79EFBC}") = "EasyTcp3.Test", "EasyTcp3.Test\EasyTcp3.Test.csproj", "{6ABD663A-4A8A-4E64-ABCA-181D755A7840}"
EndProject
Project("{FAE04EC0-301F-11D3-BF4B-00C04F79EFBC}") = "EasyTcp3.Examples", "EasyTcp3.Examples\EasyTcp3.Examples.csproj", "{F5BD16F8-B54A-4BE4-A1E5-FE80CE467CBD}"
EndProject
Project("{FAE04EC0-301F-11D3-BF4B-00C04F79EFBC}") = "EasyTcp3.Actions", "EasyTcp3.Actions\EasyTcp3.Actions.csproj", "{E7D96DAB-C18E-47AD-927D-404FA6502AC1}"
EndProject
Project("{FAE04EC0-301F-11D3-BF4B-00C04F79EFBC}") = "EasyTcp3.Encryption", "EasyTcp3.Encryption\EasyTcp3.Encryption.csproj", "{B9BC2FEE-8307-4D15-BF7F-A13E9F3CE065}"
EndProject
Global
	GlobalSection(SolutionConfigurationPlatforms) = preSolution
		Debug|Any CPU = Debug|Any CPU
		Release|Any CPU = Release|Any CPU
	EndGlobalSection
	GlobalSection(ProjectConfigurationPlatforms) = postSolution
		{F7B49F48-E3AA-4714-A6ED-56E099929290}.Debug|Any CPU.ActiveCfg = Debug|Any CPU
		{F7B49F48-E3AA-4714-A6ED-56E099929290}.Debug|Any CPU.Build.0 = Debug|Any CPU
		{F7B49F48-E3AA-4714-A6ED-56E099929290}.Release|Any CPU.ActiveCfg = Release|Any CPU
		{F7B49F48-E3AA-4714-A6ED-56E099929290}.Release|Any CPU.Build.0 = Release|Any CPU
		{6ABD663A-4A8A-4E64-ABCA-181D755A7840}.Debug|Any CPU.ActiveCfg = Debug|Any CPU
		{6ABD663A-4A8A-4E64-ABCA-181D755A7840}.Debug|Any CPU.Build.0 = Debug|Any CPU
		{6ABD663A-4A8A-4E64-ABCA-181D755A7840}.Release|Any CPU.ActiveCfg = Release|Any CPU
		{6ABD663A-4A8A-4E64-ABCA-181D755A7840}.Release|Any CPU.Build.0 = Release|Any CPU
		{F5BD16F8-B54A-4BE4-A1E5-FE80CE467CBD}.Debug|Any CPU.ActiveCfg = Debug|Any CPU
		{F5BD16F8-B54A-4BE4-A1E5-FE80CE467CBD}.Debug|Any CPU.Build.0 = Debug|Any CPU
		{F5BD16F8-B54A-4BE4-A1E5-FE80CE467CBD}.Release|Any CPU.ActiveCfg = Release|Any CPU
		{F5BD16F8-B54A-4BE4-A1E5-FE80CE467CBD}.Release|Any CPU.Build.0 = Release|Any CPU
		{E7D96DAB-C18E-47AD-927D-404FA6502AC1}.Debug|Any CPU.ActiveCfg = Debug|Any CPU
		{E7D96DAB-C18E-47AD-927D-404FA6502AC1}.Debug|Any CPU.Build.0 = Debug|Any CPU
		{E7D96DAB-C18E-47AD-927D-404FA6502AC1}.Release|Any CPU.ActiveCfg = Release|Any CPU
		{E7D96DAB-C18E-47AD-927D-404FA6502AC1}.Release|Any CPU.Build.0 = Release|Any CPU
		{B9BC2FEE-8307-4D15-BF7F-A13E9F3CE065}.Debug|Any CPU.ActiveCfg = Debug|Any CPU
		{B9BC2FEE-8307-4D15-BF7F-A13E9F3CE065}.Debug|Any CPU.Build.0 = Debug|Any CPU
		{B9BC2FEE-8307-4D15-BF7F-A13E9F3CE065}.Release|Any CPU.ActiveCfg = Release|Any CPU
		{B9BC2FEE-8307-4D15-BF7F-A13E9F3CE065}.Release|Any CPU.Build.0 = Release|Any CPU
	EndGlobalSection
EndGlobal
